
Microsoft Visual Studio Solution File, Format Version 12.00
# Visual Studio Version 17
VisualStudioVersion = 17.4.33205.214
MinimumVisualStudioVersion = 10.0.40219.1
Project("{FAE04EC0-301F-11D3-BF4B-00C04F79EFBC}") = "Lab1_205051051", "Lab1_205051051.csproj", "{EDBFE858-5D11-46B6-A49E-E74DE3E89CF4}"
EndProject
Global
	GlobalSection(SolutionConfigurationPlatforms) = preSolution
		Debug|Any CPU = Debug|Any CPU
		Release|Any CPU = Release|Any CPU
	EndGlobalSection
	GlobalSection(ProjectConfigurationPlatforms) = postSolution
		{EDBFE858-5D11-46B6-A49E-E74DE3E89CF4}.Debug|Any CPU.ActiveCfg = Debug|Any CPU
		{EDBFE858-5D11-46B6-A49E-E74DE3E89CF4}.Debug|Any CPU.Build.0 = Debug|Any CPU
		{EDBFE858-5D11-46B6-A49E-E74DE3E89CF4}.Release|Any CPU.ActiveCfg = Release|Any CPU
		{EDBFE858-5D11-46B6-A49E-E74DE3E89CF4}.Release|Any CPU.Build.0 = Release|Any CPU
	EndGlobalSection
	GlobalSection(SolutionProperties) = preSolution
		HideSolutionNode = FALSE
	EndGlobalSection
	GlobalSection(ExtensibilityGlobals) = postSolution
		SolutionGuid = {225E95F4-8989-498D-BD65-AC00C41A718C}
	EndGlobalSection
EndGlobal
